{
  "name": "echominutes",
  "version": "1.0.0",
  "lockfileVersion": 2,
  "requires": true,
  "packages": {
    "": {
      "name": "echominutes",
      "version": "1.0.0",
      "license": "ISC",
      "dependencies": {
        "byted-tea-sdk": "^5.3.8"
      }
    },
    "node_modules/@platform-fe/localforage": {
      "version": "1.9.7",
      "resolved": "https://bnpm.byted.org/@platform-fe/localforage/-/localforage-1.9.7.tgz",
      "integrity": "sha1-jeKNmMb0liU09swvO2Nn2D1GSHI=",
      "dependencies": {
        "lie": "3.1.1"
      }
    },
    "node_modules/byted-tea-sdk": {
      "version": "5.3.8",
      "resolved": "https://bnpm.byted.org/byted-tea-sdk/-/byted-tea-sdk-5.3.8.tgz",
      "integrity": "sha512-Rz0kN4WZ8II3pQnWy3ng+rqnO5JQxEeL+2KeWGxICvUtoYHu1IPPWHQwaJmRDnmNgAZaQBQJ2GxkLbdJBmzlZg==",
      "dependencies": {
        "@platform-fe/localforage": "1.9.7",
        "pako": "^2.1.0"
      }
    },
    "node_modules/immediate": {
      "version": "3.0.6",
      "resolved": "https://bnpm.byted.org/immediate/-/immediate-3.0.6.tgz",
      "integrity": "sha512-XXOFtyqDjNDAQxVfYxuF7g9Il/IbWmmlQg2MYKOH8ExIT1qg6xc4zyS3HaEEATgs1btfzxq15ciUiY7gjSXRGQ=="
    },
    "node_modules/lie": {
      "version": "3.1.1",
      "resolved": "https://bnpm.byted.org/lie/-/lie-3.1.1.tgz",
      "integrity": "sha512-RiNhHysUjhrDQntfYSfY4MU24coXXdEOgw9WGcKHNeEwffDYbF//u87M1EWaMGzuFoSbqW0C9C6lEEhDOAswfw==",
      "dependencies": {
        "immediate": "~3.0.5"
      }
    },
    "node_modules/pako": {
      "version": "2.1.0",
      "resolved": "https://bnpm.byted.org/pako/-/pako-2.1.0.tgz",
      "integrity": "sha512-w+eufiZ1WuJYgPXbV/PO3NCMEc3xqylkKHzp8bxp1uW4qaSNQUkwmLLEc3kKsfz8lpV1F8Ht3U1Cm+9Srog2ug=="
    }
  },
  "dependencies": {
    "@platform-fe/localforage": {
      "version": "1.9.7",
      "resolved": "https://bnpm.byted.org/@platform-fe/localforage/-/localforage-1.9.7.tgz",
      "integrity": "sha1-jeKNmMb0liU09swvO2Nn2D1GSHI=",
      "requires": {
        "lie": "3.1.1"
      }
    },
    "byted-tea-sdk": {
      "version": "5.3.8",
      "resolved": "https://bnpm.byted.org/byted-tea-sdk/-/byted-tea-sdk-5.3.8.tgz",
      "integrity": "sha512-Rz0kN4WZ8II3pQnWy3ng+rqnO5JQxEeL+2KeWGxICvUtoYHu1IPPWHQwaJmRDnmNgAZaQBQJ2GxkLbdJBmzlZg==",
      "requires": {
        "@platform-fe/localforage": "1.9.7",
        "pako": "^2.1.0"
      }
    },
    "immediate": {
      "version": "3.0.6",
      "resolved": "https://bnpm.byted.org/immediate/-/immediate-3.0.6.tgz",
      "integrity": "sha512-XXOFtyqDjNDAQxVfYxuF7g9Il/IbWmmlQg2MYKOH8ExIT1qg6xc4zyS3HaEEATgs1btfzxq15ciUiY7gjSXRGQ=="
    },
    "lie": {
      "version": "3.1.1",
      "resolved": "https://bnpm.byted.org/lie/-/lie-3.1.1.tgz",
      "integrity": "sha512-RiNhHysUjhrDQntfYSfY4MU24coXXdEOgw9WGcKHNeEwffDYbF//u87M1EWaMGzuFoSbqW0C9C6lEEhDOAswfw==",
      "requires": {
        "immediate": "~3.0.5"
      }
    },
    "pako": {
      "version": "2.1.0",
      "resolved": "https://bnpm.byted.org/pako/-/pako-2.1.0.tgz",
      "integrity": "sha512-w+eufiZ1WuJYgPXbV/PO3NCMEc3xqylkKHzp8bxp1uW4qaSNQUkwmLLEc3kKsfz8lpV1F8Ht3U1Cm+9Srog2ug=="
    }
  }
}
